
Microsoft Visual Studio Solution File, Format Version 12.00
# Visual Studio Version 17
VisualStudioVersion = 17.7.34003.232
MinimumVisualStudioVersion = 10.0.40219.1
Project("{9A19103F-16F7-4668-BE54-9A1E7A4F7556}") = "Service", "Service.csproj", "{7C7872BF-A4C6-42D9-8452-D4C3E66CF516}"
EndProject
Project("{9A19103F-16F7-4668-BE54-9A1E7A4F7556}") = "Domain", "..\AutoReminder.Domain\Domain.csproj", "{BE23002A-39DD-4030-872D-5CC0CA904173}"
EndProject
Project("{9A19103F-16F7-4668-BE54-9A1E7A4F7556}") = "Infrastructure", "..\Infrastructure\Infrastructure.csproj", "{9057695B-64D3-4DDA-8907-48A6270AAD91}"
EndProject
Project("{9A19103F-16F7-4668-BE54-9A1E7A4F7556}") = "Application", "..\Application\Application.csproj", "{147A9E54-5216-4DEC-B4DA-5062BA7D824F}"
EndProject
Project("{9A19103F-16F7-4668-BE54-9A1E7A4F7556}") = "Test", "..\Test\Test.csproj", "{BEEEEF05-6185-4E52-9412-332F91C3EE22}"
EndProject
Global
	GlobalSection(SolutionConfigurationPlatforms) = preSolution
		Debug|Any CPU = Debug|Any CPU
		Release|Any CPU = Release|Any CPU
	EndGlobalSection
	GlobalSection(ProjectConfigurationPlatforms) = postSolution
		{7C7872BF-A4C6-42D9-8452-D4C3E66CF516}.Debug|Any CPU.ActiveCfg = Debug|Any CPU
		{7C7872BF-A4C6-42D9-8452-D4C3E66CF516}.Debug|Any CPU.Build.0 = Debug|Any CPU
		{7C7872BF-A4C6-42D9-8452-D4C3E66CF516}.Release|Any CPU.ActiveCfg = Release|Any CPU
		{7C7872BF-A4C6-42D9-8452-D4C3E66CF516}.Release|Any CPU.Build.0 = Release|Any CPU
		{BE23002A-39DD-4030-872D-5CC0CA904173}.Debug|Any CPU.ActiveCfg = Debug|Any CPU
		{BE23002A-39DD-4030-872D-5CC0CA904173}.Debug|Any CPU.Build.0 = Debug|Any CPU
		{BE23002A-39DD-4030-872D-5CC0CA904173}.Release|Any CPU.ActiveCfg = Release|Any CPU
		{BE23002A-39DD-4030-872D-5CC0CA904173}.Release|Any CPU.Build.0 = Release|Any CPU
		{9057695B-64D3-4DDA-8907-48A6270AAD91}.Debug|Any CPU.ActiveCfg = Debug|Any CPU
		{9057695B-64D3-4DDA-8907-48A6270AAD91}.Debug|Any CPU.Build.0 = Debug|Any CPU
		{9057695B-64D3-4DDA-8907-48A6270AAD91}.Release|Any CPU.ActiveCfg = Release|Any CPU
		{9057695B-64D3-4DDA-8907-48A6270AAD91}.Release|Any CPU.Build.0 = Release|Any CPU
		{147A9E54-5216-4DEC-B4DA-5062BA7D824F}.Debug|Any CPU.ActiveCfg = Debug|Any CPU
		{147A9E54-5216-4DEC-B4DA-5062BA7D824F}.Debug|Any CPU.Build.0 = Debug|Any CPU
		{147A9E54-5216-4DEC-B4DA-5062BA7D824F}.Release|Any CPU.ActiveCfg = Release|Any CPU
		{147A9E54-5216-4DEC-B4DA-5062BA7D824F}.Release|Any CPU.Build.0 = Release|Any CPU
		{BEEEEF05-6185-4E52-9412-332F91C3EE22}.Debug|Any CPU.ActiveCfg = Debug|Any CPU
		{BEEEEF05-6185-4E52-9412-332F91C3EE22}.Debug|Any CPU.Build.0 = Debug|Any CPU
		{BEEEEF05-6185-4E52-9412-332F91C3EE22}.Release|Any CPU.ActiveCfg = Release|Any CPU
		{BEEEEF05-6185-4E52-9412-332F91C3EE22}.Release|Any CPU.Build.0 = Release|Any CPU
	EndGlobalSection
	GlobalSection(SolutionProperties) = preSolution
		HideSolutionNode = FALSE
	EndGlobalSection
	GlobalSection(ExtensibilityGlobals) = postSolution
		SolutionGuid = {52407138-8414-4A94-877E-665F3CEE85FE}
	EndGlobalSection
EndGlobal
